
Microsoft Visual Studio Solution File, Format Version 12.00
# Visual Studio Version 16
VisualStudioVersion = 16.0.29230.47
MinimumVisualStudioVersion = 10.0.40219.1
Project("{FAE04EC0-301F-11D3-BF4B-00C04F79EFBC}") = "Basics.Web", "Basics.Web\Basics.Web.csproj", "{7BF765DF-A985-4208-9D5C-F785E1229620}"
EndProject
Project("{FAE04EC0-301F-11D3-BF4B-00C04F79EFBC}") = "Basics.EntityFramework", "Basics.EntityFramework\Basics.EntityFramework.csproj", "{4BFF665B-F2DA-4B52-A156-33CD23D290D5}"
EndProject
Global
	GlobalSection(SolutionConfigurationPlatforms) = preSolution
		Debug|Any CPU = Debug|Any CPU
		Release|Any CPU = Release|Any CPU
	EndGlobalSection
	GlobalSection(ProjectConfigurationPlatforms) = postSolution
		{7BF765DF-A985-4208-9D5C-F785E1229620}.Debug|Any CPU.ActiveCfg = Debug|Any CPU
		{7BF765DF-A985-4208-9D5C-F785E1229620}.Debug|Any CPU.Build.0 = Debug|Any CPU
		{7BF765DF-A985-4208-9D5C-F785E1229620}.Release|Any CPU.ActiveCfg = Release|Any CPU
		{7BF765DF-A985-4208-9D5C-F785E1229620}.Release|Any CPU.Build.0 = Release|Any CPU
		{4BFF665B-F2DA-4B52-A156-33CD23D290D5}.Debug|Any CPU.ActiveCfg = Debug|Any CPU
		{4BFF665B-F2DA-4B52-A156-33CD23D290D5}.Debug|Any CPU.Build.0 = Debug|Any CPU
		{4BFF665B-F2DA-4B52-A156-33CD23D290D5}.Release|Any CPU.ActiveCfg = Release|Any CPU
		{4BFF665B-F2DA-4B52-A156-33CD23D290D5}.Release|Any CPU.Build.0 = Release|Any CPU
	EndGlobalSection
	GlobalSection(SolutionProperties) = preSolution
		HideSolutionNode = FALSE
	EndGlobalSection
	GlobalSection(ExtensibilityGlobals) = postSolution
		SolutionGuid = {29BB9DC8-098B-415D-868E-1E27AA93AEF5}
	EndGlobalSection
EndGlobal
